// !$*UTF8*$!
{
	archiveVersion = 1;
	classes = {
	};
	objectVersion = 56;
	objects = {

/* Begin PBXBuildFile section */
		AA00000000000000000000A1 /* MasterSetsApp.swift in Sources */ = {isa = PBXBuildFile; fileRef = AA00000000000000000000F1 /* MasterSetsApp.swift */; };
		AA00000000000000000000A2 /* ContentView.swift in Sources */ = {isa = PBXBuildFile; fileRef = AA00000000000000000000F2 /* ContentView.swift */; };
		AA00000000000000000000A3 /* index.html in Resources */ = {isa = PBXBuildFile; fileRef = AA00000000000000000000F3 /* index.html */; };
		AA00000000000000000000A4 /* Assets.xcassets in Resources */ = {isa = PBXBuildFile; fileRef = AA00000000000000000000F5 /* Assets.xcassets */; };
		AA00000000000000000000A5 /* MS_Banner.png in Resources */ = {isa = PBXBuildFile; fileRef = AA00000000000000000000F6 /* MS_Banner.png */; };
		AA00000000000000000000A6 /* MainMS_Logo.png in Resources */ = {isa = PBXBuildFile; fileRef = AA00000000000000000000F7 /* MainMS_Logo.png */; };
		AA00000000000000000000A7 /* MSBanner_Noback.png in Resources */ = {isa = PBXBuildFile; fileRef = AA00000000000000000000F8 /* MSBanner_Noback.png */; };
		AA00000000000000000000A8 /* MSLogo_noBak.png in Resources */ = {isa = PBXBuildFile; fileRef = AA00000000000000000000F9 /* MSLogo_noBak.png */; };
		AA00000000000000000000AA /* MSBanner.png in Resources */ = {isa = PBXBuildFile; fileRef = AA00000000000000000000FA /* MSBanner.png */; };
		AA00000000000000000000AB /* PrivacyInfo.xcprivacy in Resources */ = {isa = PBXBuildFile; fileRef = AA00000000000000000000FB /* PrivacyInfo.xcprivacy */; };
/* End PBXBuildFile section */

/* Begin PBXFileReference section */
		AA00000000000000000000F1 /* MasterSetsApp.swift */ = {isa = PBXFileReference; lastKnownFileType = sourcecode.swift; path = MasterSetsApp.swift; sourceTree = "<group>"; };
		AA00000000000000000000F2 /* ContentView.swift */ = {isa = PBXFileReference; lastKnownFileType = sourcecode.swift; path = ContentView.swift; sourceTree = "<group>"; };
		AA00000000000000000000F3 /* index.html */ = {isa = PBXFileReference; lastKnownFileType = text.html; path = index.html; sourceTree = "<group>"; };
		AA00000000000000000000F4 /* MasterSets.app */ = {isa = PBXFileReference; explicitFileType = wrapper.application; includeInIndex = 0; path = MasterSets.app; sourceTree = BUILT_PRODUCTS_DIR; };
		AA00000000000000000000F5 /* Assets.xcassets */ = {isa = PBXFileReference; lastKnownFileType = folder.assetcatalog; path = Assets.xcassets; sourceTree = "<group>"; };
		AA00000000000000000000F6 /* MS_Banner.png */ = {isa = PBXFileReference; lastKnownFileType = image.png; path = MS_Banner.png; sourceTree = "<group>"; };
		AA00000000000000000000F7 /* MainMS_Logo.png */ = {isa = PBXFileReference; lastKnownFileType = image.png; path = MainMS_Logo.png; sourceTree = "<group>"; };
		AA00000000000000000000F8 /* MSBanner_Noback.png */ = {isa = PBXFileReference; lastKnownFileType = image.png; path = MSBanner_Noback.png; sourceTree = "<group>"; };
		AA00000000000000000000F9 /* MSLogo_noBak.png */ = {isa = PBXFileReference; lastKnownFileType = image.png; path = MSLogo_noBak.png; sourceTree = "<group>"; };
		AA00000000000000000000FA /* MSBanner.png */ = {isa = PBXFileReference; lastKnownFileType = image.png; path = MSBanner.png; sourceTree = "<group>"; };
		AA00000000000000000000FB /* PrivacyInfo.xcprivacy */ = {isa = PBXFileReference; lastKnownFileType = text.xml; path = PrivacyInfo.xcprivacy; sourceTree = "<group>"; };
		AA00000000000000000000FC /* MasterSets.entitlements */ = {isa = PBXFileReference; lastKnownFileType = text.plist.entitlements; path = MasterSets.entitlements; sourceTree = "<group>"; };
/* End PBXFileReference section */

/* Begin PBXFrameworksBuildPhase section */
		AA00000000000000000000B3 /* Frameworks */ = {
			isa = PBXFrameworksBuildPhase;
			buildActionMask = 2147483647;
			files = (
			);
			runOnlyForDeploymentPostprocessing = 0;
		};
/* End PBXFrameworksBuildPhase section */

/* Begin PBXGroup section */
		AA00000000000000000000G0 = {
			isa = PBXGroup;
			children = (
				AA00000000000000000000G1 /* MasterSets */,
				AA00000000000000000000G2 /* Products */,
			);
			sourceTree = "<group>";
		};
		AA00000000000000000000G1 /* MasterSets */ = {
			isa = PBXGroup;
			children = (
				AA00000000000000000000F1 /* MasterSetsApp.swift */,
				AA00000000000000000000F2 /* ContentView.swift */,
				AA00000000000000000000F3 /* index.html */,
				AA00000000000000000000F5 /* Assets.xcassets */,
				AA00000000000000000000F6 /* MS_Banner.png */,
				AA00000000000000000000F7 /* MainMS_Logo.png */,
				AA00000000000000000000F8 /* MSBanner_Noback.png */,
				AA00000000000000000000F9 /* MSLogo_noBak.png */,
				AA00000000000000000000FA /* MSBanner.png */,
				AA00000000000000000000FB /* PrivacyInfo.xcprivacy */,
				AA00000000000000000000FC /* MasterSets.entitlements */,
			);
			path = MasterSets;
			sourceTree = "<group>";
		};
		AA00000000000000000000G2 /* Products */ = {
			isa = PBXGroup;
			children = (
				AA00000000000000000000F4 /* MasterSets.app */,
			);
			name = Products;
			sourceTree = "<group>";
		};
/* End PBXGroup section */

/* Begin PBXNativeTarget section */
		AA00000000000000000000T1 /* MasterSets */ = {
			isa = PBXNativeTarget;
			buildConfigurationList = AA00000000000000000000C2 /* Build configuration list for PBXNativeTarget "MasterSets" */;
			buildPhases = (
				AA00000000000000000000B1 /* Sources */,
				AA00000000000000000000B2 /* Resources */,
				AA00000000000000000000B3 /* Frameworks */,
			);
			buildRules = (
			);
			dependencies = (
			);
			name = MasterSets;
			productName = MasterSets;
			productReference = AA00000000000000000000F4 /* MasterSets.app */;
			productType = "com.apple.product-type.application";
		};
/* End PBXNativeTarget section */

/* Begin PBXProject section */
		AA00000000000000000000P1 /* Project object */ = {
			isa = PBXProject;
			attributes = {
				BuildIndependentTargetsInParallel = 1;
				LastSwiftUpdateCheck = 1600;
				LastUpgradeCheck = 2640;
				TargetAttributes = {
					AA00000000000000000000T1 = {
						CreatedOnToolsVersion = 16.0;
					};
				};
			};
			buildConfigurationList = AA00000000000000000000C1 /* Build configuration list for PBXProject "MasterSets" */;
			compatibilityVersion = "Xcode 14.0";
			developmentRegion = en;
			hasScannedForEncodings = 0;
			knownRegions = (
				en,
				Base,
			);
			mainGroup = AA00000000000000000000G0;
			productRefGroup = AA00000000000000000000G2 /* Products */;
			projectDirPath = "";
			projectRoot = "";
			targets = (
				AA00000000000000000000T1 /* MasterSets */,
			);
		};
/* End PBXProject section */

/* Begin PBXResourcesBuildPhase section */
		AA00000000000000000000B2 /* Resources */ = {
			isa = PBXResourcesBuildPhase;
			buildActionMask = 2147483647;
			files = (
				AA00000000000000000000A4 /* Assets.xcassets in Resources */,
				AA00000000000000000000A3 /* index.html in Resources */,
				AA00000000000000000000A5 /* MS_Banner.png in Resources */,
				AA00000000000000000000A6 /* MainMS_Logo.png in Resources */,
				AA00000000000000000000A7 /* MSBanner_Noback.png in Resources */,
				AA00000000000000000000A8 /* MSLogo_noBak.png in Resources */,
				AA00000000000000000000AA /* MSBanner.png in Resources */,
				AA00000000000000000000AB /* PrivacyInfo.xcprivacy in Resources */,
			);
			runOnlyForDeploymentPostprocessing = 0;
		};
/* End PBXResourcesBuildPhase section */

/* Begin PBXSourcesBuildPhase section */
		AA00000000000000000000B1 /* Sources */ = {
			isa = PBXSourcesBuildPhase;
			buildActionMask = 2147483647;
			files = (
				AA00000000000000000000A1 /* MasterSetsApp.swift in Sources */,
				AA00000000000000000000A2 /* ContentView.swift in Sources */,
			);
			runOnlyForDeploymentPostprocessing = 0;
		};
/* End PBXSourcesBuildPhase section */

/* Begin XCBuildConfiguration section */
		AA00000000000000000000D1 /* Debug */ = {
			isa = XCBuildConfiguration;
			buildSettings = {
				ALWAYS_SEARCH_USER_PATHS = NO;
				ASSETCATALOG_COMPILER_GENERATE_SWIFT_ASSET_SYMBOL_EXTENSIONS = YES;
				CLANG_ANALYZER_NONNULL = YES;
				CLANG_ANALYZER_NUMBER_OBJECT_CONVERSION = YES_AGGRESSIVE;
				CLANG_CXX_LANGUAGE_STANDARD = "gnu++20";
				CLANG_ENABLE_MODULES = YES;
				CLANG_ENABLE_OBJC_ARC = YES;
				CLANG_ENABLE_OBJC_WEAK = YES;
				CLANG_WARN_BLOCK_CAPTURE_AUTORELEASING = YES;
				CLANG_WARN_BOOL_CONVERSION = YES;
				CLANG_WARN_COMMA = YES;
				CLANG_WARN_CONSTANT_CONVERSION = YES;
				CLANG_WARN_DEPRECATED_OBJC_IMPLEMENTATIONS = YES;
				CLANG_WARN_DIRECT_OBJC_IVAR_ACCESS = YES;
				CLANG_WARN_EMPTY_BODY = YES;
				CLANG_WARN_ENUM_CONVERSION = YES;
				CLANG_WARN_INFINITE_RECURSION = YES;
				CLANG_WARN_INT_CONVERSION = YES;
				CLANG_WARN_NON_LITERAL_NULL_CONVERSION = YES;
				CLANG_WARN_OBJC_IMPLICIT_RETAIN_SELF = YES;
				CLANG_WARN_OBJC_LITERAL_CONVERSION = YES;
				CLANG_WARN_OBJC_ROOT_CLASS = YES_ERROR;
				CLANG_WARN_QUOTED_INCLUDE_IN_FRAMEWORK_HEADER = YES;
				CLANG_WARN_RANGE_LOOP_ANALYSIS = YES;
				CLANG_WARN_STRICT_PROTOTYPES = YES;
				CLANG_WARN_SUSPICIOUS_MOVE = YES;
				CLANG_WARN_UNGUARDED_AVAILABILITY = YES_AGGRESSIVE;
				CLANG_WARN_UNREACHABLE_CODE = YES;
				CLANG_WARN__DUPLICATE_METHOD_MATCH = YES;
				COPY_PHASE_STRIP = NO;
				DEBUG_INFORMATION_FORMAT = dwarf;
				ENABLE_STRICT_OBJC_MSGSEND = YES;
				ENABLE_TESTABILITY = YES;
				ENABLE_USER_SCRIPT_SANDBOXING = YES;
				GCC_C_LANGUAGE_STANDARD = gnu17;
				GCC_DYNAMIC_NO_PIC = NO;
				GCC_NO_COMMON_BLOCKS = YES;
				GCC_OPTIMIZATION_LEVEL = 0;
				GCC_PREPROCESSOR_DEFINITIONS = (
					"DEBUG=1",
					"$(inherited)",
				);
				GCC_WARN_64_TO_32_BIT_CONVERSION = YES;
				GCC_WARN_ABOUT_RETURN_TYPE = YES_ERROR;
				GCC_WARN_UNDECLARED_SELECTOR = YES;
				GCC_WARN_UNINITIALIZED_AUTOS = YES_AGGRESSIVE;
				GCC_WARN_UNUSED_FUNCTION = YES;
				GCC_WARN_UNUSED_VARIABLE = YES;
				IPHONEOS_DEPLOYMENT_TARGET = 17.0;
				MTL_ENABLE_DEBUG_INFO = INCLUDE_SOURCE;
				MTL_FAST_MATH = YES;
				ONLY_ACTIVE_ARCH = YES;
				SDKROOT = iphoneos;
				STRING_CATALOG_GENERATE_SYMBOLS = YES;
				SWIFT_ACTIVE_COMPILATION_CONDITIONS = "DEBUG $(inherited)";
				SWIFT_OPTIMIZATION_LEVEL = "-Onone";
			};
			name = Debug;
		};
		AA00000000000000000000D2 /* Release */ = {
			isa = XCBuildConfiguration;
			buildSettings = {
				ALWAYS_SEARCH_USER_PATHS = NO;
				ASSETCATALOG_COMPILER_GENERATE_SWIFT_ASSET_SYMBOL_EXTENSIONS = YES;
				CLANG_ANALYZER_NONNULL = YES;
				CLANG_ANALYZER_NUMBER_OBJECT_CONVERSION = YES_AGGRESSIVE;
				CLANG_CXX_LANGUAGE_STANDARD = "gnu++20";
				CLANG_ENABLE_MODULES = YES;
				CLANG_ENABLE_OBJC_ARC = YES;
				CLANG_ENABLE_OBJC_WEAK = YES;
				CLANG_WARN_BLOCK_CAPTURE_AUTORELEASING = YES;
				CLANG_WARN_BOOL_CONVERSION = YES;
				CLANG_WARN_COMMA = YES;
				CLANG_WARN_CONSTANT_CONVERSION = YES;
				CLANG_WARN_DEPRECATED_OBJC_IMPLEMENTATIONS = YES;
				CLANG_WARN_DIRECT_OBJC_IVAR_ACCESS = YES;
				CLANG_WARN_EMPTY_BODY = YES;
				CLANG_WARN_ENUM_CONVERSION = YES;
				CLANG_WARN_INFINITE_RECURSION = YES;
				CLANG_WARN_INT_CONVERSION = YES;
				CLANG_WARN_NON_LITERAL_NULL_CONVERSION = YES;
				CLANG_WARN_OBJC_IMPLICIT_RETAIN_SELF = YES;
				CLANG_WARN_OBJC_LITERAL_CONVERSION = YES;
				CLANG_WARN_OBJC_ROOT_CLASS = YES_ERROR;
				CLANG_WARN_QUOTED_INCLUDE_IN_FRAMEWORK_HEADER = YES;
				CLANG_WARN_RANGE_LOOP_ANALYSIS = YES;
				CLANG_WARN_STRICT_PROTOTYPES = YES;
				CLANG_WARN_SUSPICIOUS_MOVE = YES;
				CLANG_WARN_UNGUARDED_AVAILABILITY = YES_AGGRESSIVE;
				CLANG_WARN_UNREACHABLE_CODE = YES;
				CLANG_WARN__DUPLICATE_METHOD_MATCH = YES;
				COPY_PHASE_STRIP = NO;
				DEBUG_INFORMATION_FORMAT = "dwarf-with-dsym";
				ENABLE_NS_ASSERTIONS = NO;
				ENABLE_STRICT_OBJC_MSGSEND = YES;
				ENABLE_USER_SCRIPT_SANDBOXING = YES;
				GCC_C_LANGUAGE_STANDARD = gnu17;
				GCC_NO_COMMON_BLOCKS = YES;
				GCC_WARN_64_TO_32_BIT_CONVERSION = YES;
				GCC_WARN_ABOUT_RETURN_TYPE = YES_ERROR;
				GCC_WARN_UNDECLARED_SELECTOR = YES;
				GCC_WARN_UNINITIALIZED_AUTOS = YES_AGGRESSIVE;
				GCC_WARN_UNUSED_FUNCTION = YES;
				GCC_WARN_UNUSED_VARIABLE = YES;
				IPHONEOS_DEPLOYMENT_TARGET = 17.0;
				MTL_FAST_MATH = YES;
				SDKROOT = iphoneos;
				STRING_CATALOG_GENERATE_SYMBOLS = YES;
				SWIFT_COMPILATION_MODE = wholemodule;
			};
			name = Release;
		};
		AA00000000000000000000D3 /* Debug */ = {
			isa = XCBuildConfiguration;
			buildSettings = {
				ASSETCATALOG_COMPILER_APPICON_NAME = AppIcon;
				CODE_SIGN_ENTITLEMENTS = MasterSets/MasterSets.entitlements;
				CODE_SIGN_STYLE = Automatic;
				CURRENT_PROJECT_VERSION = 1;
				DEVELOPMENT_TEAM = 3L4TJ2S35N;
				ENABLE_PREVIEWS = YES;
				GENERATE_INFOPLIST_FILE = YES;
				INFOPLIST_KEY_CFBundleDisplayName = "Master Sets";
				INFOPLIST_KEY_NSCameraUsageDescription = "Master Sets uses your camera to scan and identify Pokemon cards.";
				INFOPLIST_KEY_NSMicrophoneUsageDescription = "Microphone access is not used by Master Sets.";
				INFOPLIST_KEY_NSPhotoLibraryUsageDescription = "Master Sets can read a photo from your library to identify a card.";
				INFOPLIST_KEY_UIApplicationSceneManifest_Generation = YES;
				INFOPLIST_KEY_UIApplicationSupportsIndirectInputEvents = YES;
				INFOPLIST_KEY_UILaunchScreen_Generation = YES;
				INFOPLIST_KEY_UISupportedInterfaceOrientations_iPad = "UIInterfaceOrientationPortrait UIInterfaceOrientationPortraitUpsideDown UIInterfaceOrientationLandscapeLeft UIInterfaceOrientationLandscapeRight";
				INFOPLIST_KEY_UISupportedInterfaceOrientations_iPhone = "UIInterfaceOrientationPortrait UIInterfaceOrientationLandscapeLeft UIInterfaceOrientationLandscapeRight";
				LD_RUNPATH_SEARCH_PATHS = (
					"$(inherited)",
					"@executable_path/Frameworks",
				);
				MARKETING_VERSION = 1.0;
				PRODUCT_BUNDLE_IDENTIFIER = com.mastersets.app;
				PRODUCT_NAME = "$(TARGET_NAME)";
				SWIFT_EMIT_LOC_STRINGS = YES;
				SWIFT_VERSION = 5.0;
				TARGETED_DEVICE_FAMILY = "1,2";
			};
			name = Debug;
		};
		AA00000000000000000000D4 /* Release */ = {
			isa = XCBuildConfiguration;
			buildSettings = {
				ASSETCATALOG_COMPILER_APPICON_NAME = AppIcon;
				CODE_SIGN_ENTITLEMENTS = MasterSets/MasterSets.entitlements;
				CODE_SIGN_STYLE = Automatic;
				CURRENT_PROJECT_VERSION = 1;
				DEVELOPMENT_TEAM = 3L4TJ2S35N;
				ENABLE_PREVIEWS = YES;
				GENERATE_INFOPLIST_FILE = YES;
				INFOPLIST_KEY_CFBundleDisplayName = "Master Sets";
				INFOPLIST_KEY_NSCameraUsageDescription = "Master Sets uses your camera to scan and identify Pokemon cards.";
				INFOPLIST_KEY_NSMicrophoneUsageDescription = "Microphone access is not used by Master Sets.";
				INFOPLIST_KEY_NSPhotoLibraryUsageDescription = "Master Sets can read a photo from your library to identify a card.";
				INFOPLIST_KEY_UIApplicationSceneManifest_Generation = YES;
				INFOPLIST_KEY_UIApplicationSupportsIndirectInputEvents = YES;
				INFOPLIST_KEY_UILaunchScreen_Generation = YES;
				INFOPLIST_KEY_UISupportedInterfaceOrientations_iPad = "UIInterfaceOrientationPortrait UIInterfaceOrientationPortraitUpsideDown UIInterfaceOrientationLandscapeLeft UIInterfaceOrientationLandscapeRight";
				INFOPLIST_KEY_UISupportedInterfaceOrientations_iPhone = "UIInterfaceOrientationPortrait UIInterfaceOrientationLandscapeLeft UIInterfaceOrientationLandscapeRight";
				LD_RUNPATH_SEARCH_PATHS = (
					"$(inherited)",
					"@executable_path/Frameworks",
				);
				MARKETING_VERSION = 1.0;
				PRODUCT_BUNDLE_IDENTIFIER = com.mastersets.app;
				PRODUCT_NAME = "$(TARGET_NAME)";
				SWIFT_EMIT_LOC_STRINGS = YES;
				SWIFT_VERSION = 5.0;
				TARGETED_DEVICE_FAMILY = "1,2";
			};
			name = Release;
		};
/* End XCBuildConfiguration section */

/* Begin XCConfigurationList section */
		AA00000000000000000000C1 /* Build configuration list for PBXProject "MasterSets" */ = {
			isa = XCConfigurationList;
			buildConfigurations = (
				AA00000000000000000000D1 /* Debug */,
				AA00000000000000000000D2 /* Release */,
			);
			defaultConfigurationIsVisible = 0;
			defaultConfigurationName = Release;
		};
		AA00000000000000000000C2 /* Build configuration list for PBXNativeTarget "MasterSets" */ = {
			isa = XCConfigurationList;
			buildConfigurations = (
				AA00000000000000000000D3 /* Debug */,
				AA00000000000000000000D4 /* Release */,
			);
			defaultConfigurationIsVisible = 0;
			defaultConfigurationName = Release;
		};
/* End XCConfigurationList section */
	};
	rootObject = AA00000000000000000000P1 /* Project object */;
}
